
Microsoft Visual Studio Solution File, Format Version 12.00
# Visual Studio Version 17
VisualStudioVersion = 17.2.32616.157
MinimumVisualStudioVersion = 10.0.40219.1
Project("{2150E333-8FDC-42A3-9474-1A3956D46DE8}") = "src", "src", "{950AC85D-0716-4536-B0E4-F94DECDD2E4B}"
EndProject
Project("{2150E333-8FDC-42A3-9474-1A3956D46DE8}") = "docs", "docs", "{09B9115D-B68E-4366-B42E-74A671FBF0C8}"
	ProjectSection(SolutionItems) = preProject
		.gitignore = .gitignore
		README.md = README.md
	EndProjectSection
EndProject
Project("{2150E333-8FDC-42A3-9474-1A3956D46DE8}") = "Microservices", "Microservices", "{1F53D536-D156-4DF2-BD4D-7676C49E7FFE}"
EndProject
Project("{2150E333-8FDC-42A3-9474-1A3956D46DE8}") = "Global", "Global", "{9A42AE29-8CEA-4C88-BA3E-80E6CF25293A}"
EndProject
Project("{9A19103F-16F7-4668-BE54-9A1E7A4F7556}") = "Gateway.WebApi", "src\Global\Gateway.WebApi\Gateway.WebApi.csproj", "{EE8B3239-C179-4865-B60E-2BB6D2BCD0BB}"
EndProject
Project("{2150E333-8FDC-42A3-9474-1A3956D46DE8}") = "Guide", "Guide", "{90E62EFE-805B-4286-8075-9109FC2A67EE}"
EndProject
Project("{2150E333-8FDC-42A3-9474-1A3956D46DE8}") = "Report", "Report", "{2A4EB1A6-8983-49C7-87CF-B19B11755080}"
EndProject
Project("{9A19103F-16F7-4668-BE54-9A1E7A4F7556}") = "TelephoneDirectory.Contracts", "src\Global\TelephoneDirectory.Contracts\TelephoneDirectory.Contracts.csproj", "{26341DDC-F948-4BA1-BB62-C3C45585A379}"
EndProject
Project("{2150E333-8FDC-42A3-9474-1A3956D46DE8}") = "Auth", "Auth", "{B825E947-7F01-4969-9F14-294E0C88338E}"
EndProject
Project("{2150E333-8FDC-42A3-9474-1A3956D46DE8}") = "test", "test", "{93DE2B84-C87E-4F5E-95A9-05A92A780986}"
EndProject
Project("{9A19103F-16F7-4668-BE54-9A1E7A4F7556}") = "TelephoneDirectory.FunctionalTest", "test\TelephoneDirectory.FunctionalTest\TelephoneDirectory.FunctionalTest.csproj", "{9BE41533-EA56-429D-936F-F71060A16BDC}"
EndProject
Project("{9A19103F-16F7-4668-BE54-9A1E7A4F7556}") = "TelephoneDirectory.Saga", "src\Global\TelephoneDirectory.Saga\TelephoneDirectory.Saga.csproj", "{A63CC11E-B6D1-4188-966D-190BE9933C68}"
EndProject
Project("{2150E333-8FDC-42A3-9474-1A3956D46DE8}") = "Golang", "Golang", "{8D4A5A4A-A602-406A-BD1C-9B9F4EDEB714}"
EndProject
Project("{2150E333-8FDC-42A3-9474-1A3956D46DE8}") = "Csharp", "Csharp", "{61E60131-147B-4ECC-B766-B6E76131AFB0}"
EndProject
Project("{9A19103F-16F7-4668-BE54-9A1E7A4F7556}") = "TelephoneDirectory.Auth.Entities", "src\Microservices\Csharp\Auth\TelephoneDirectory.Auth.Entities\TelephoneDirectory.Auth.Entities.csproj", "{E36F71BF-539C-4720-BF51-C4A9700E2272}"
EndProject
Project("{9A19103F-16F7-4668-BE54-9A1E7A4F7556}") = "TelephoneDirectory.Auth", "src\Microservices\Csharp\Auth\TelephoneDirectory.Auth\TelephoneDirectory.Auth.csproj", "{E7A443CA-FF7D-4AB3-AFBB-F49858281582}"
EndProject
Project("{9A19103F-16F7-4668-BE54-9A1E7A4F7556}") = "TelephoneDirectory.Guide", "src\Microservices\Csharp\Guide\TelephoneDirectory.Guide\TelephoneDirectory.Guide.csproj", "{86AEFB11-322D-4AFD-B60B-D179F120A879}"
EndProject
Project("{9A19103F-16F7-4668-BE54-9A1E7A4F7556}") = "TelephoneDirectory.Guide.Entities", "src\Microservices\Csharp\Guide\TelephoneDirectory.Guide.Entities\TelephoneDirectory.Guide.Entities.csproj", "{B75F8C1D-F952-4971-9AED-53947E3392D3}"
EndProject
Project("{9A19103F-16F7-4668-BE54-9A1E7A4F7556}") = "TelephoneDirectory.Guide.IntegrationTest", "src\Microservices\Csharp\Guide\TelephoneDirectory.Guide.IntegrationTest\TelephoneDirectory.Guide.IntegrationTest.csproj", "{B28BDFAD-402B-4E78-B8FC-2FCB5BFB7724}"
EndProject
Project("{9A19103F-16F7-4668-BE54-9A1E7A4F7556}") = "TelephoneDirectory.Report", "src\Microservices\Csharp\Report\TelephoneDirectory.Report\TelephoneDirectory.Report.csproj", "{3A9FD004-A42B-4BFE-B64A-9015BB7C3EB5}"
EndProject
Project("{9A19103F-16F7-4668-BE54-9A1E7A4F7556}") = "TelephoneDirectory.Report.Entities", "src\Microservices\Csharp\Report\TelephoneDirectory.Report.Entities\TelephoneDirectory.Report.Entities.csproj", "{0125791B-369C-493F-AAE1-DBFA06D7EF6A}"
EndProject
Project("{9A19103F-16F7-4668-BE54-9A1E7A4F7556}") = "TelephoneDirectory.Report.IntegrationTest", "src\Microservices\Csharp\Report\TelephoneDirectory.Report.IntegrationTest\TelephoneDirectory.Report.IntegrationTest.csproj", "{9AC42AD3-C598-4268-921D-2CE29EC2B17D}"
EndProject
Project("{9A19103F-16F7-4668-BE54-9A1E7A4F7556}") = "TelephoneDirectory.Report.UnitTest", "src\Microservices\Csharp\Report\TelephoneDirectory.Report.UnitTest\TelephoneDirectory.Report.UnitTest.csproj", "{EA5E7D27-BFD6-4742-8C1D-A6D2D586E12A}"
EndProject
Project("{2150E333-8FDC-42A3-9474-1A3956D46DE8}") = "Example", "Example", "{A4D28846-D60B-4BC1-A91E-677C72F9ACE0}"
EndProject
Project("{FAE04EC0-301F-11D3-BF4B-00C04F79EFBC}") = "PublishEventForGolang", "PublishEventForGolang\PublishEventForGolang.csproj", "{4AB489BD-C5D9-4B0A-A0B3-FC2B003231DE}"
EndProject
Global
	GlobalSection(SolutionConfigurationPlatforms) = preSolution
		Debug|Any CPU = Debug|Any CPU
		Release|Any CPU = Release|Any CPU
	EndGlobalSection
	GlobalSection(ProjectConfigurationPlatforms) = postSolution
		{EE8B3239-C179-4865-B60E-2BB6D2BCD0BB}.Debug|Any CPU.ActiveCfg = Debug|Any CPU
		{EE8B3239-C179-4865-B60E-2BB6D2BCD0BB}.Debug|Any CPU.Build.0 = Debug|Any CPU
		{EE8B3239-C179-4865-B60E-2BB6D2BCD0BB}.Release|Any CPU.ActiveCfg = Release|Any CPU
		{EE8B3239-C179-4865-B60E-2BB6D2BCD0BB}.Release|Any CPU.Build.0 = Release|Any CPU
		{26341DDC-F948-4BA1-BB62-C3C45585A379}.Debug|Any CPU.ActiveCfg = Debug|Any CPU
		{26341DDC-F948-4BA1-BB62-C3C45585A379}.Debug|Any CPU.Build.0 = Debug|Any CPU
		{26341DDC-F948-4BA1-BB62-C3C45585A379}.Release|Any CPU.ActiveCfg = Release|Any CPU
		{26341DDC-F948-4BA1-BB62-C3C45585A379}.Release|Any CPU.Build.0 = Release|Any CPU
		{9BE41533-EA56-429D-936F-F71060A16BDC}.Debug|Any CPU.ActiveCfg = Debug|Any CPU
		{9BE41533-EA56-429D-936F-F71060A16BDC}.Debug|Any CPU.Build.0 = Debug|Any CPU
		{9BE41533-EA56-429D-936F-F71060A16BDC}.Release|Any CPU.ActiveCfg = Release|Any CPU
		{9BE41533-EA56-429D-936F-F71060A16BDC}.Release|Any CPU.Build.0 = Release|Any CPU
		{A63CC11E-B6D1-4188-966D-190BE9933C68}.Debug|Any CPU.ActiveCfg = Debug|Any CPU
		{A63CC11E-B6D1-4188-966D-190BE9933C68}.Debug|Any CPU.Build.0 = Debug|Any CPU
		{A63CC11E-B6D1-4188-966D-190BE9933C68}.Release|Any CPU.ActiveCfg = Release|Any CPU
		{A63CC11E-B6D1-4188-966D-190BE9933C68}.Release|Any CPU.Build.0 = Release|Any CPU
		{E36F71BF-539C-4720-BF51-C4A9700E2272}.Debug|Any CPU.ActiveCfg = Debug|Any CPU
		{E36F71BF-539C-4720-BF51-C4A9700E2272}.Debug|Any CPU.Build.0 = Debug|Any CPU
		{E36F71BF-539C-4720-BF51-C4A9700E2272}.Release|Any CPU.ActiveCfg = Release|Any CPU
		{E36F71BF-539C-4720-BF51-C4A9700E2272}.Release|Any CPU.Build.0 = Release|Any CPU
		{E7A443CA-FF7D-4AB3-AFBB-F49858281582}.Debug|Any CPU.ActiveCfg = Debug|Any CPU
		{E7A443CA-FF7D-4AB3-AFBB-F49858281582}.Debug|Any CPU.Build.0 = Debug|Any CPU
		{E7A443CA-FF7D-4AB3-AFBB-F49858281582}.Release|Any CPU.ActiveCfg = Release|Any CPU
		{E7A443CA-FF7D-4AB3-AFBB-F49858281582}.Release|Any CPU.Build.0 = Release|Any CPU
		{86AEFB11-322D-4AFD-B60B-D179F120A879}.Debug|Any CPU.ActiveCfg = Debug|Any CPU
		{86AEFB11-322D-4AFD-B60B-D179F120A879}.Debug|Any CPU.Build.0 = Debug|Any CPU
		{86AEFB11-322D-4AFD-B60B-D179F120A879}.Release|Any CPU.ActiveCfg = Release|Any CPU
		{86AEFB11-322D-4AFD-B60B-D179F120A879}.Release|Any CPU.Build.0 = Release|Any CPU
		{B75F8C1D-F952-4971-9AED-53947E3392D3}.Debug|Any CPU.ActiveCfg = Debug|Any CPU
		{B75F8C1D-F952-4971-9AED-53947E3392D3}.Debug|Any CPU.Build.0 = Debug|Any CPU
		{B75F8C1D-F952-4971-9AED-53947E3392D3}.Release|Any CPU.ActiveCfg = Release|Any CPU
		{B75F8C1D-F952-4971-9AED-53947E3392D3}.Release|Any CPU.Build.0 = Release|Any CPU
		{B28BDFAD-402B-4E78-B8FC-2FCB5BFB7724}.Debug|Any CPU.ActiveCfg = Debug|Any CPU
		{B28BDFAD-402B-4E78-B8FC-2FCB5BFB7724}.Debug|Any CPU.Build.0 = Debug|Any CPU
		{B28BDFAD-402B-4E78-B8FC-2FCB5BFB7724}.Release|Any CPU.ActiveCfg = Release|Any CPU
		{B28BDFAD-402B-4E78-B8FC-2FCB5BFB7724}.Release|Any CPU.Build.0 = Release|Any CPU
		{3A9FD004-A42B-4BFE-B64A-9015BB7C3EB5}.Debug|Any CPU.ActiveCfg = Debug|Any CPU
		{3A9FD004-A42B-4BFE-B64A-9015BB7C3EB5}.Debug|Any CPU.Build.0 = Debug|Any CPU
		{3A9FD004-A42B-4BFE-B64A-9015BB7C3EB5}.Release|Any CPU.ActiveCfg = Release|Any CPU
		{3A9FD004-A42B-4BFE-B64A-9015BB7C3EB5}.Release|Any CPU.Build.0 = Release|Any CPU
		{0125791B-369C-493F-AAE1-DBFA06D7EF6A}.Debug|Any CPU.ActiveCfg = Debug|Any CPU
		{0125791B-369C-493F-AAE1-DBFA06D7EF6A}.Debug|Any CPU.Build.0 = Debug|Any CPU
		{0125791B-369C-493F-AAE1-DBFA06D7EF6A}.Release|Any CPU.ActiveCfg = Release|Any CPU
		{0125791B-369C-493F-AAE1-DBFA06D7EF6A}.Release|Any CPU.Build.0 = Release|Any CPU
		{9AC42AD3-C598-4268-921D-2CE29EC2B17D}.Debug|Any CPU.ActiveCfg = Debug|Any CPU
		{9AC42AD3-C598-4268-921D-2CE29EC2B17D}.Debug|Any CPU.Build.0 = Debug|Any CPU
		{9AC42AD3-C598-4268-921D-2CE29EC2B17D}.Release|Any CPU.ActiveCfg = Release|Any CPU
		{9AC42AD3-C598-4268-921D-2CE29EC2B17D}.Release|Any CPU.Build.0 = Release|Any CPU
		{EA5E7D27-BFD6-4742-8C1D-A6D2D586E12A}.Debug|Any CPU.ActiveCfg = Debug|Any CPU
		{EA5E7D27-BFD6-4742-8C1D-A6D2D586E12A}.Debug|Any CPU.Build.0 = Debug|Any CPU
		{EA5E7D27-BFD6-4742-8C1D-A6D2D586E12A}.Release|Any CPU.ActiveCfg = Release|Any CPU
		{EA5E7D27-BFD6-4742-8C1D-A6D2D586E12A}.Release|Any CPU.Build.0 = Release|Any CPU
		{4AB489BD-C5D9-4B0A-A0B3-FC2B003231DE}.Debug|Any CPU.ActiveCfg = Debug|Any CPU
		{4AB489BD-C5D9-4B0A-A0B3-FC2B003231DE}.Debug|Any CPU.Build.0 = Debug|Any CPU
		{4AB489BD-C5D9-4B0A-A0B3-FC2B003231DE}.Release|Any CPU.ActiveCfg = Release|Any CPU
		{4AB489BD-C5D9-4B0A-A0B3-FC2B003231DE}.Release|Any CPU.Build.0 = Release|Any CPU
	EndGlobalSection
	GlobalSection(SolutionProperties) = preSolution
		HideSolutionNode = FALSE
	EndGlobalSection
	GlobalSection(NestedProjects) = preSolution
		{1F53D536-D156-4DF2-BD4D-7676C49E7FFE} = {950AC85D-0716-4536-B0E4-F94DECDD2E4B}
		{9A42AE29-8CEA-4C88-BA3E-80E6CF25293A} = {950AC85D-0716-4536-B0E4-F94DECDD2E4B}
		{EE8B3239-C179-4865-B60E-2BB6D2BCD0BB} = {9A42AE29-8CEA-4C88-BA3E-80E6CF25293A}
		{90E62EFE-805B-4286-8075-9109FC2A67EE} = {61E60131-147B-4ECC-B766-B6E76131AFB0}
		{2A4EB1A6-8983-49C7-87CF-B19B11755080} = {61E60131-147B-4ECC-B766-B6E76131AFB0}
		{26341DDC-F948-4BA1-BB62-C3C45585A379} = {9A42AE29-8CEA-4C88-BA3E-80E6CF25293A}
		{B825E947-7F01-4969-9F14-294E0C88338E} = {61E60131-147B-4ECC-B766-B6E76131AFB0}
		{9BE41533-EA56-429D-936F-F71060A16BDC} = {93DE2B84-C87E-4F5E-95A9-05A92A780986}
		{A63CC11E-B6D1-4188-966D-190BE9933C68} = {9A42AE29-8CEA-4C88-BA3E-80E6CF25293A}
		{8D4A5A4A-A602-406A-BD1C-9B9F4EDEB714} = {1F53D536-D156-4DF2-BD4D-7676C49E7FFE}
		{61E60131-147B-4ECC-B766-B6E76131AFB0} = {1F53D536-D156-4DF2-BD4D-7676C49E7FFE}
		{E36F71BF-539C-4720-BF51-C4A9700E2272} = {B825E947-7F01-4969-9F14-294E0C88338E}
		{E7A443CA-FF7D-4AB3-AFBB-F49858281582} = {B825E947-7F01-4969-9F14-294E0C88338E}
		{86AEFB11-322D-4AFD-B60B-D179F120A879} = {90E62EFE-805B-4286-8075-9109FC2A67EE}
		{B75F8C1D-F952-4971-9AED-53947E3392D3} = {90E62EFE-805B-4286-8075-9109FC2A67EE}
		{B28BDFAD-402B-4E78-B8FC-2FCB5BFB7724} = {90E62EFE-805B-4286-8075-9109FC2A67EE}
		{3A9FD004-A42B-4BFE-B64A-9015BB7C3EB5} = {2A4EB1A6-8983-49C7-87CF-B19B11755080}
		{0125791B-369C-493F-AAE1-DBFA06D7EF6A} = {2A4EB1A6-8983-49C7-87CF-B19B11755080}
		{9AC42AD3-C598-4268-921D-2CE29EC2B17D} = {2A4EB1A6-8983-49C7-87CF-B19B11755080}
		{EA5E7D27-BFD6-4742-8C1D-A6D2D586E12A} = {2A4EB1A6-8983-49C7-87CF-B19B11755080}
		{A4D28846-D60B-4BC1-A91E-677C72F9ACE0} = {61E60131-147B-4ECC-B766-B6E76131AFB0}
		{4AB489BD-C5D9-4B0A-A0B3-FC2B003231DE} = {A4D28846-D60B-4BC1-A91E-677C72F9ACE0}
	EndGlobalSection
	GlobalSection(ExtensibilityGlobals) = postSolution
		SolutionGuid = {8E6515D2-E14F-4453-8213-7CD04030BCA2}
	EndGlobalSection
EndGlobal
