
Microsoft Visual Studio Solution File, Format Version 12.00
# Visual Studio Version 16
VisualStudioVersion = 16.0.30503.244
MinimumVisualStudioVersion = 10.0.40219.1
Project("{2150E333-8FDC-42A3-9474-1A3956D46DE8}") = "src", "src", "{950AC85D-0716-4536-B0E4-F94DECDD2E4B}"
EndProject
Project("{2150E333-8FDC-42A3-9474-1A3956D46DE8}") = "docs", "docs", "{09B9115D-B68E-4366-B42E-74A671FBF0C8}"
	ProjectSection(SolutionItems) = preProject
		.gitignore = .gitignore
		README.md = README.md
		..\TelephoneDirectory.postman_collection.json = ..\TelephoneDirectory.postman_collection.json
	EndProjectSection
EndProject
Project("{2150E333-8FDC-42A3-9474-1A3956D46DE8}") = "Microservices", "Microservices", "{1F53D536-D156-4DF2-BD4D-7676C49E7FFE}"
EndProject
Project("{2150E333-8FDC-42A3-9474-1A3956D46DE8}") = "Global", "Global", "{9A42AE29-8CEA-4C88-BA3E-80E6CF25293A}"
EndProject
Project("{9A19103F-16F7-4668-BE54-9A1E7A4F7556}") = "Gateway.WebApi", "src\Global\Gateway.WebApi\Gateway.WebApi.csproj", "{EE8B3239-C179-4865-B60E-2BB6D2BCD0BB}"
EndProject
Project("{2150E333-8FDC-42A3-9474-1A3956D46DE8}") = "Guide", "Guide", "{90E62EFE-805B-4286-8075-9109FC2A67EE}"
EndProject
Project("{2150E333-8FDC-42A3-9474-1A3956D46DE8}") = "Report", "Report", "{2A4EB1A6-8983-49C7-87CF-B19B11755080}"
EndProject
Project("{9A19103F-16F7-4668-BE54-9A1E7A4F7556}") = "TelephoneDirectory.Guide", "src\Microservices\Guide\TelephoneDirectory.Guide\TelephoneDirectory.Guide.csproj", "{FFA713AF-D5C4-47F0-A2B2-CEE4D59B9C4B}"
EndProject
Project("{9A19103F-16F7-4668-BE54-9A1E7A4F7556}") = "TelephoneDirectory.Report", "src\Microservices\Report\TelephoneDirectory.Report\TelephoneDirectory.Report.csproj", "{F83143E0-0D0C-43D5-92A9-B82D0877F228}"
EndProject
Project("{9A19103F-16F7-4668-BE54-9A1E7A4F7556}") = "TelephoneDirectory.Guide.Entities", "src\Microservices\Guide\TelephoneDirectory.Guide.Entities\TelephoneDirectory.Guide.Entities.csproj", "{7F75C8E8-922A-4D2C-961E-F076375887B0}"
EndProject
Project("{9A19103F-16F7-4668-BE54-9A1E7A4F7556}") = "TelephoneDirectory.Global.Entities", "src\Global\TelephoneDirectory.Global.Entities\TelephoneDirectory.Global.Entities.csproj", "{E0173AC4-1501-4930-9BCC-C6312351595B}"
EndProject
Project("{9A19103F-16F7-4668-BE54-9A1E7A4F7556}") = "TelephoneDirectory.Report.Entities", "src\Microservices\Report\TelephoneDirectory.Report.Entities\TelephoneDirectory.Report.Entities.csproj", "{D6DDE457-A068-4A2B-BFA3-662A915AA722}"
EndProject
Project("{FAE04EC0-301F-11D3-BF4B-00C04F79EFBC}") = "TelephoneDirectory.Contracts", "src\Global\TelephoneDirectory.Contracts\TelephoneDirectory.Contracts.csproj", "{26341DDC-F948-4BA1-BB62-C3C45585A379}"
EndProject
Global
	GlobalSection(SolutionConfigurationPlatforms) = preSolution
		Debug|Any CPU = Debug|Any CPU
		Release|Any CPU = Release|Any CPU
	EndGlobalSection
	GlobalSection(ProjectConfigurationPlatforms) = postSolution
		{EE8B3239-C179-4865-B60E-2BB6D2BCD0BB}.Debug|Any CPU.ActiveCfg = Debug|Any CPU
		{EE8B3239-C179-4865-B60E-2BB6D2BCD0BB}.Debug|Any CPU.Build.0 = Debug|Any CPU
		{EE8B3239-C179-4865-B60E-2BB6D2BCD0BB}.Release|Any CPU.ActiveCfg = Release|Any CPU
		{EE8B3239-C179-4865-B60E-2BB6D2BCD0BB}.Release|Any CPU.Build.0 = Release|Any CPU
		{FFA713AF-D5C4-47F0-A2B2-CEE4D59B9C4B}.Debug|Any CPU.ActiveCfg = Debug|Any CPU
		{FFA713AF-D5C4-47F0-A2B2-CEE4D59B9C4B}.Debug|Any CPU.Build.0 = Debug|Any CPU
		{FFA713AF-D5C4-47F0-A2B2-CEE4D59B9C4B}.Release|Any CPU.ActiveCfg = Release|Any CPU
		{FFA713AF-D5C4-47F0-A2B2-CEE4D59B9C4B}.Release|Any CPU.Build.0 = Release|Any CPU
		{F83143E0-0D0C-43D5-92A9-B82D0877F228}.Debug|Any CPU.ActiveCfg = Debug|Any CPU
		{F83143E0-0D0C-43D5-92A9-B82D0877F228}.Debug|Any CPU.Build.0 = Debug|Any CPU
		{F83143E0-0D0C-43D5-92A9-B82D0877F228}.Release|Any CPU.ActiveCfg = Release|Any CPU
		{F83143E0-0D0C-43D5-92A9-B82D0877F228}.Release|Any CPU.Build.0 = Release|Any CPU
		{7F75C8E8-922A-4D2C-961E-F076375887B0}.Debug|Any CPU.ActiveCfg = Debug|Any CPU
		{7F75C8E8-922A-4D2C-961E-F076375887B0}.Debug|Any CPU.Build.0 = Debug|Any CPU
		{7F75C8E8-922A-4D2C-961E-F076375887B0}.Release|Any CPU.ActiveCfg = Release|Any CPU
		{7F75C8E8-922A-4D2C-961E-F076375887B0}.Release|Any CPU.Build.0 = Release|Any CPU
		{E0173AC4-1501-4930-9BCC-C6312351595B}.Debug|Any CPU.ActiveCfg = Debug|Any CPU
		{E0173AC4-1501-4930-9BCC-C6312351595B}.Debug|Any CPU.Build.0 = Debug|Any CPU
		{E0173AC4-1501-4930-9BCC-C6312351595B}.Release|Any CPU.ActiveCfg = Release|Any CPU
		{E0173AC4-1501-4930-9BCC-C6312351595B}.Release|Any CPU.Build.0 = Release|Any CPU
		{D6DDE457-A068-4A2B-BFA3-662A915AA722}.Debug|Any CPU.ActiveCfg = Debug|Any CPU
		{D6DDE457-A068-4A2B-BFA3-662A915AA722}.Debug|Any CPU.Build.0 = Debug|Any CPU
		{D6DDE457-A068-4A2B-BFA3-662A915AA722}.Release|Any CPU.ActiveCfg = Release|Any CPU
		{D6DDE457-A068-4A2B-BFA3-662A915AA722}.Release|Any CPU.Build.0 = Release|Any CPU
		{26341DDC-F948-4BA1-BB62-C3C45585A379}.Debug|Any CPU.ActiveCfg = Debug|Any CPU
		{26341DDC-F948-4BA1-BB62-C3C45585A379}.Debug|Any CPU.Build.0 = Debug|Any CPU
		{26341DDC-F948-4BA1-BB62-C3C45585A379}.Release|Any CPU.ActiveCfg = Release|Any CPU
		{26341DDC-F948-4BA1-BB62-C3C45585A379}.Release|Any CPU.Build.0 = Release|Any CPU
	EndGlobalSection
	GlobalSection(SolutionProperties) = preSolution
		HideSolutionNode = FALSE
	EndGlobalSection
	GlobalSection(NestedProjects) = preSolution
		{1F53D536-D156-4DF2-BD4D-7676C49E7FFE} = {950AC85D-0716-4536-B0E4-F94DECDD2E4B}
		{9A42AE29-8CEA-4C88-BA3E-80E6CF25293A} = {950AC85D-0716-4536-B0E4-F94DECDD2E4B}
		{EE8B3239-C179-4865-B60E-2BB6D2BCD0BB} = {9A42AE29-8CEA-4C88-BA3E-80E6CF25293A}
		{90E62EFE-805B-4286-8075-9109FC2A67EE} = {1F53D536-D156-4DF2-BD4D-7676C49E7FFE}
		{2A4EB1A6-8983-49C7-87CF-B19B11755080} = {1F53D536-D156-4DF2-BD4D-7676C49E7FFE}
		{FFA713AF-D5C4-47F0-A2B2-CEE4D59B9C4B} = {90E62EFE-805B-4286-8075-9109FC2A67EE}
		{F83143E0-0D0C-43D5-92A9-B82D0877F228} = {2A4EB1A6-8983-49C7-87CF-B19B11755080}
		{7F75C8E8-922A-4D2C-961E-F076375887B0} = {90E62EFE-805B-4286-8075-9109FC2A67EE}
		{E0173AC4-1501-4930-9BCC-C6312351595B} = {9A42AE29-8CEA-4C88-BA3E-80E6CF25293A}
		{D6DDE457-A068-4A2B-BFA3-662A915AA722} = {2A4EB1A6-8983-49C7-87CF-B19B11755080}
		{26341DDC-F948-4BA1-BB62-C3C45585A379} = {9A42AE29-8CEA-4C88-BA3E-80E6CF25293A}
	EndGlobalSection
	GlobalSection(ExtensibilityGlobals) = postSolution
		SolutionGuid = {8E6515D2-E14F-4453-8213-7CD04030BCA2}
	EndGlobalSection
EndGlobal
